# This file is generated by running "yarn install" inside your project.
# Manual changes might be lost - proceed with caution!

__metadata:
  version: 8
  cacheKey: 10c0

"@emnapi/core@npm:^1.4.3":
  version: 1.4.5
  resolution: "@emnapi/core@npm:1.4.5"
  dependencies:
    "@emnapi/wasi-threads": "npm:1.0.4"
    tslib: "npm:^2.4.0"
  checksum: 10c0/da4a57f65f325d720d0e0d1a9c6618b90c4c43a5027834a110476984e1d47c95ebaed4d316b5dddb9c0ed9a493ffeb97d1934f9677035f336d8a36c1f3b2818f
  languageName: node
  linkType: hard

"@emnapi/runtime@npm:^1.4.3":
  version: 1.4.5
  resolution: "@emnapi/runtime@npm:1.4.5"
  dependencies:
    tslib: "npm:^2.4.0"
  checksum: 10c0/37a0278be5ac81e918efe36f1449875cbafba947039c53c65a1f8fc238001b866446fc66041513b286baaff5d6f9bec667f5164b3ca481373a8d9cb65bfc984b
  languageName: node
  linkType: hard

"@emnapi/wasi-threads@npm:1.0.4":
  version: 1.0.4
  resolution: "@emnapi/wasi-threads@npm:1.0.4"
  dependencies:
    tslib: "npm:^2.4.0"
  checksum: 10c0/2c91a53e62f875800baf035c4d42c9c0d18e5afd9a31ca2aac8b435aeaeaeaac386b5b3d0d0e70aa7a5a9852bbe05106b1f680cd82cce03145c703b423d41313
  languageName: node
  linkType: hard

"@napi-rs/wasm-runtime@npm:^0.2.11":
  version: 0.2.12
  resolution: "@napi-rs/wasm-runtime@npm:0.2.12"
  dependencies:
    "@emnapi/core": "npm:^1.4.3"
    "@emnapi/runtime": "npm:^1.4.3"
    "@tybys/wasm-util": "npm:^0.10.0"
  checksum: 10c0/6d07922c0613aab30c6a497f4df297ca7c54e5b480e00035e0209b872d5c6aab7162fc49477267556109c2c7ed1eb9c65a174e27e9b87568106a87b0a6e3ca7d
  languageName: node
  linkType: hard

"@tybys/wasm-util@npm:^0.10.0":
  version: 0.10.0
  resolution: "@tybys/wasm-util@npm:0.10.0"
  dependencies:
    tslib: "npm:^2.4.0"
  checksum: 10c0/044feba55c1e2af703aa4946139969badb183ce1a659a75ed60bc195a90e73a3f3fc53bcd643497c9954597763ddb051fec62f80962b2ca6fc716ba897dc696e
  languageName: node
  linkType: hard

"@unrs/resolver-binding-android-arm-eabi@npm:1.11.1":
  version: 1.11.1
  resolution: "@unrs/resolver-binding-android-arm-eabi@npm:1.11.1"
  conditions: os=android & cpu=arm
  languageName: node
  linkType: hard

"@unrs/resolver-binding-android-arm64@npm:1.11.1":
  version: 1.11.1
  resolution: "@unrs/resolver-binding-android-arm64@npm:1.11.1"
  conditions: os=android & cpu=arm64
  languageName: node
  linkType: hard

"@unrs/resolver-binding-darwin-arm64@npm:1.11.1":
  version: 1.11.1
  resolution: "@unrs/resolver-binding-darwin-arm64@npm:1.11.1"
  conditions: os=darwin & cpu=arm64
  languageName: node
  linkType: hard

"@unrs/resolver-binding-darwin-x64@npm:1.11.1":
  version: 1.11.1
  resolution: "@unrs/resolver-binding-darwin-x64@npm:1.11.1"
  conditions: os=darwin & cpu=x64
  languageName: node
  linkType: hard

"@unrs/resolver-binding-freebsd-x64@npm:1.11.1":
  version: 1.11.1
  resolution: "@unrs/resolver-binding-freebsd-x64@npm:1.11.1"
  conditions: os=freebsd & cpu=x64
  languageName: node
  linkType: hard

"@unrs/resolver-binding-linux-arm-gnueabihf@npm:1.11.1":
  version: 1.11.1
  resolution: "@unrs/resolver-binding-linux-arm-gnueabihf@npm:1.11.1"
  conditions: os=linux & cpu=arm
  languageName: node
  linkType: hard

"@unrs/resolver-binding-linux-arm-musleabihf@npm:1.11.1":
  version: 1.11.1
  resolution: "@unrs/resolver-binding-linux-arm-musleabihf@npm:1.11.1"
  conditions: os=linux & cpu=arm
  languageName: node
  linkType: hard

"@unrs/resolver-binding-linux-arm64-gnu@npm:1.11.1":
  version: 1.11.1
  resolution: "@unrs/resolver-binding-linux-arm64-gnu@npm:1.11.1"
  conditions: os=linux & cpu=arm64 & libc=glibc
  languageName: node
  linkType: hard

"@unrs/resolver-binding-linux-arm64-musl@npm:1.11.1":
  version: 1.11.1
  resolution: "@unrs/resolver-binding-linux-arm64-musl@npm:1.11.1"
  conditions: os=linux & cpu=arm64 & libc=musl
  languageName: node
  linkType: hard

"@unrs/resolver-binding-linux-ppc64-gnu@npm:1.11.1":
  version: 1.11.1
  resolution: "@unrs/resolver-binding-linux-ppc64-gnu@npm:1.11.1"
  conditions: os=linux & cpu=ppc64 & libc=glibc
  languageName: node
  linkType: hard

"@unrs/resolver-binding-linux-riscv64-gnu@npm:1.11.1":
  version: 1.11.1
  resolution: "@unrs/resolver-binding-linux-riscv64-gnu@npm:1.11.1"
  conditions: os=linux & cpu=riscv64 & libc=glibc
  languageName: node
  linkType: hard

"@unrs/resolver-binding-linux-riscv64-musl@npm:1.11.1":
  version: 1.11.1
  resolution: "@unrs/resolver-binding-linux-riscv64-musl@npm:1.11.1"
  conditions: os=linux & cpu=riscv64 & libc=musl
  languageName: node
  linkType: hard

"@unrs/resolver-binding-linux-s390x-gnu@npm:1.11.1":
  version: 1.11.1
  resolution: "@unrs/resolver-binding-linux-s390x-gnu@npm:1.11.1"
  conditions: os=linux & cpu=s390x & libc=glibc
  languageName: node
  linkType: hard

"@unrs/resolver-binding-linux-x64-gnu@npm:1.11.1":
  version: 1.11.1
  resolution: "@unrs/resolver-binding-linux-x64-gnu@npm:1.11.1"
  conditions: os=linux & cpu=x64 & libc=glibc
  languageName: node
  linkType: hard

"@unrs/resolver-binding-linux-x64-musl@npm:1.11.1":
  version: 1.11.1
  resolution: "@unrs/resolver-binding-linux-x64-musl@npm:1.11.1"
  conditions: os=linux & cpu=x64 & libc=musl
  languageName: node
  linkType: hard

"@unrs/resolver-binding-wasm32-wasi@npm:1.11.1":
  version: 1.11.1
  resolution: "@unrs/resolver-binding-wasm32-wasi@npm:1.11.1"
  dependencies:
    "@napi-rs/wasm-runtime": "npm:^0.2.11"
  conditions: cpu=wasm32
  languageName: node
  linkType: hard

"@unrs/resolver-binding-win32-arm64-msvc@npm:1.11.1":
  version: 1.11.1
  resolution: "@unrs/resolver-binding-win32-arm64-msvc@npm:1.11.1"
  conditions: os=win32 & cpu=arm64
  languageName: node
  linkType: hard

"@unrs/resolver-binding-win32-ia32-msvc@npm:1.11.1":
  version: 1.11.1
  resolution: "@unrs/resolver-binding-win32-ia32-msvc@npm:1.11.1"
  conditions: os=win32 & cpu=ia32
  languageName: node
  linkType: hard

"@unrs/resolver-binding-win32-x64-msvc@npm:1.11.1":
  version: 1.11.1
  resolution: "@unrs/resolver-binding-win32-x64-msvc@npm:1.11.1"
  conditions: os=win32 & cpu=x64
  languageName: node
  linkType: hard

"debug@npm:^4.4.1":
  version: 4.4.1
  resolution: "debug@npm:4.4.1"
  dependencies:
    ms: "npm:^2.1.3"
  peerDependenciesMeta:
    supports-color:
      optional: true
  checksum: 10c0/d2b44bc1afd912b49bb7ebb0d50a860dc93a4dd7d946e8de94abc957bb63726b7dd5aa48c18c2386c379ec024c46692e15ed3ed97d481729f929201e671fcd55
  languageName: node
  linkType: hard

"eslint-import-context@npm:^0.1.8":
  version: 0.1.9
  resolution: "eslint-import-context@npm:0.1.9"
  dependencies:
    get-tsconfig: "npm:^4.10.1"
    stable-hash-x: "npm:^0.2.0"
  peerDependencies:
    unrs-resolver: ^1.0.0
  peerDependenciesMeta:
    unrs-resolver:
      optional: true
  checksum: 10c0/07851103443b70af681c5988e2702e681ff9b956e055e11d4bd9b2322847fa0d9e8da50c18fc7cb1165106b043f34fbd0384d7011c239465c4645c52132e56f3
  languageName: node
  linkType: hard

"eslint-import-resolver-typescript@npm:^4.4.4":
  version: 4.4.4
  resolution: "eslint-import-resolver-typescript@npm:4.4.4"
  dependencies:
    debug: "npm:^4.4.1"
    eslint-import-context: "npm:^0.1.8"
    get-tsconfig: "npm:^4.10.1"
    is-bun-module: "npm:^2.0.0"
    stable-hash-x: "npm:^0.2.0"
    tinyglobby: "npm:^0.2.14"
    unrs-resolver: "npm:^1.7.11"
  peerDependencies:
    eslint: "*"
    eslint-plugin-import: "*"
    eslint-plugin-import-x: "*"
  peerDependenciesMeta:
    eslint-plugin-import:
      optional: true
    eslint-plugin-import-x:
      optional: true
  checksum: 10c0/3bf8ad77c21660f77a0e455555ab179420f68ae7a132906c85a217ccce51cb6680cf70027cab32a358d193e5b9e476f6ba2e595585242aa97d4f6435ca22104e
  languageName: node
  linkType: hard

"fdir@npm:^6.4.4":
  version: 6.5.0
  resolution: "fdir@npm:6.5.0"
  peerDependencies:
    picomatch: ^3 || ^4
  peerDependenciesMeta:
    picomatch:
      optional: true
  checksum: 10c0/e345083c4306b3aed6cb8ec551e26c36bab5c511e99ea4576a16750ddc8d3240e63826cc624f5ae17ad4dc82e68a253213b60d556c11bfad064b7607847ed07f
  languageName: node
  linkType: hard

"get-tsconfig@npm:^4.10.1":
  version: 4.10.1
  resolution: "get-tsconfig@npm:4.10.1"
  dependencies:
    resolve-pkg-maps: "npm:^1.0.0"
  checksum: 10c0/7f8e3dabc6a49b747920a800fb88e1952fef871cdf51b79e98db48275a5de6cdaf499c55ee67df5fa6fe7ce65f0063e26de0f2e53049b408c585aa74d39ffa21
  languageName: node
  linkType: hard

"is-bun-module@npm:^2.0.0":
  version: 2.0.0
  resolution: "is-bun-module@npm:2.0.0"
  dependencies:
    semver: "npm:^7.7.1"
  checksum: 10c0/7d27a0679cfa5be1f5052650391f9b11040cd70c48d45112e312c56bc6b6ca9c9aea70dcce6cc40b1e8947bfff8567a5c5715d3b066fb478522dab46ea379240
  languageName: node
  linkType: hard

"ms@npm:^2.1.3":
  version: 2.1.3
  resolution: "ms@npm:2.1.3"
  checksum: 10c0/d924b57e7312b3b63ad21fc5b3dc0af5e78d61a1fc7cfb5457edaf26326bf62be5307cc87ffb6862ef1c2b33b0233cdb5d4f01c4c958cc0d660948b65a287a48
  languageName: node
  linkType: hard

"napi-postinstall@npm:^0.3.0":
  version: 0.3.3
  resolution: "napi-postinstall@npm:0.3.3"
  bin:
    napi-postinstall: lib/cli.js
  checksum: 10c0/3f3297c002abd1f1c64730c442e9047e4b50335666bd2821e990e0546ab917f9cd000d3837930a81dbe89075495e884ed526918a85667abeef0654f659217cea
  languageName: node
  linkType: hard

"operator-reward-distributor@workspace:.":
  version: 0.0.0-use.local
  resolution: "operator-reward-distributor@workspace:."
  dependencies:
    eslint-import-resolver-typescript: "npm:^4.4.4"
  languageName: unknown
  linkType: soft

"picomatch@npm:^4.0.2":
  version: 4.0.3
  resolution: "picomatch@npm:4.0.3"
  checksum: 10c0/9582c951e95eebee5434f59e426cddd228a7b97a0161a375aed4be244bd3fe8e3a31b846808ea14ef2c8a2527a6eeab7b3946a67d5979e81694654f939473ae2
  languageName: node
  linkType: hard

"resolve-pkg-maps@npm:^1.0.0":
  version: 1.0.0
  resolution: "resolve-pkg-maps@npm:1.0.0"
  checksum: 10c0/fb8f7bbe2ca281a73b7ef423a1cbc786fb244bd7a95cbe5c3fba25b27d327150beca8ba02f622baea65919a57e061eb5005204daa5f93ed590d9b77463a567ab
  languageName: node
  linkType: hard

"semver@npm:^7.7.1":
  version: 7.7.2
  resolution: "semver@npm:7.7.2"
  bin:
    semver: bin/semver.js
  checksum: 10c0/aca305edfbf2383c22571cb7714f48cadc7ac95371b4b52362fb8eeffdfbc0de0669368b82b2b15978f8848f01d7114da65697e56cd8c37b0dab8c58e543f9ea
  languageName: node
  linkType: hard

"stable-hash-x@npm:^0.2.0":
  version: 0.2.0
  resolution: "stable-hash-x@npm:0.2.0"
  checksum: 10c0/c757df58366ee4bb266a9486b8932eab7c1ba730469eaf4b68d2dee404814e9f84089c44c9b5205f8c7d99a0ab036cce2af69139ce5ed44b635923c011a8aea8
  languageName: node
  linkType: hard

"tinyglobby@npm:^0.2.14":
  version: 0.2.14
  resolution: "tinyglobby@npm:0.2.14"
  dependencies:
    fdir: "npm:^6.4.4"
    picomatch: "npm:^4.0.2"
  checksum: 10c0/f789ed6c924287a9b7d3612056ed0cda67306cd2c80c249fd280cf1504742b12583a2089b61f4abbd24605f390809017240e250241f09938054c9b363e51c0a6
  languageName: node
  linkType: hard

"tslib@npm:^2.4.0":
  version: 2.8.1
  resolution: "tslib@npm:2.8.1"
  checksum: 10c0/9c4759110a19c53f992d9aae23aac5ced636e99887b51b9e61def52611732872ff7668757d4e4c61f19691e36f4da981cd9485e869b4a7408d689f6bf1f14e62
  languageName: node
  linkType: hard

"unrs-resolver@npm:^1.7.11":
  version: 1.11.1
  resolution: "unrs-resolver@npm:1.11.1"
  dependencies:
    "@unrs/resolver-binding-android-arm-eabi": "npm:1.11.1"
    "@unrs/resolver-binding-android-arm64": "npm:1.11.1"
    "@unrs/resolver-binding-darwin-arm64": "npm:1.11.1"
    "@unrs/resolver-binding-darwin-x64": "npm:1.11.1"
    "@unrs/resolver-binding-freebsd-x64": "npm:1.11.1"
    "@unrs/resolver-binding-linux-arm-gnueabihf": "npm:1.11.1"
    "@unrs/resolver-binding-linux-arm-musleabihf": "npm:1.11.1"
    "@unrs/resolver-binding-linux-arm64-gnu": "npm:1.11.1"
    "@unrs/resolver-binding-linux-arm64-musl": "npm:1.11.1"
    "@unrs/resolver-binding-linux-ppc64-gnu": "npm:1.11.1"
    "@unrs/resolver-binding-linux-riscv64-gnu": "npm:1.11.1"
    "@unrs/resolver-binding-linux-riscv64-musl": "npm:1.11.1"
    "@unrs/resolver-binding-linux-s390x-gnu": "npm:1.11.1"
    "@unrs/resolver-binding-linux-x64-gnu": "npm:1.11.1"
    "@unrs/resolver-binding-linux-x64-musl": "npm:1.11.1"
    "@unrs/resolver-binding-wasm32-wasi": "npm:1.11.1"
    "@unrs/resolver-binding-win32-arm64-msvc": "npm:1.11.1"
    "@unrs/resolver-binding-win32-ia32-msvc": "npm:1.11.1"
    "@unrs/resolver-binding-win32-x64-msvc": "npm:1.11.1"
    napi-postinstall: "npm:^0.3.0"
  dependenciesMeta:
    "@unrs/resolver-binding-android-arm-eabi":
      optional: true
    "@unrs/resolver-binding-android-arm64":
      optional: true
    "@unrs/resolver-binding-darwin-arm64":
      optional: true
    "@unrs/resolver-binding-darwin-x64":
      optional: true
    "@unrs/resolver-binding-freebsd-x64":
      optional: true
    "@unrs/resolver-binding-linux-arm-gnueabihf":
      optional: true
    "@unrs/resolver-binding-linux-arm-musleabihf":
      optional: true
    "@unrs/resolver-binding-linux-arm64-gnu":
      optional: true
    "@unrs/resolver-binding-linux-arm64-musl":
      optional: true
    "@unrs/resolver-binding-linux-ppc64-gnu":
      optional: true
    "@unrs/resolver-binding-linux-riscv64-gnu":
      optional: true
    "@unrs/resolver-binding-linux-riscv64-musl":
      optional: true
    "@unrs/resolver-binding-linux-s390x-gnu":
      optional: true
    "@unrs/resolver-binding-linux-x64-gnu":
      optional: true
    "@unrs/resolver-binding-linux-x64-musl":
      optional: true
    "@unrs/resolver-binding-wasm32-wasi":
      optional: true
    "@unrs/resolver-binding-win32-arm64-msvc":
      optional: true
    "@unrs/resolver-binding-win32-ia32-msvc":
      optional: true
    "@unrs/resolver-binding-win32-x64-msvc":
      optional: true
  checksum: 10c0/c91b112c71a33d6b24e5c708dab43ab80911f2df8ee65b87cd7a18fb5af446708e98c4b415ca262026ad8df326debcc7ca6a801b2935504d87fd6f0b9d70dce1
  languageName: node
  linkType: hard
